
Microsoft Visual Studio Solution File, Format Version 12.00
# Visual Studio Version 17
VisualStudioVersion = 17.12.35527.113
MinimumVisualStudioVersion = 10.0.40219.1
Project("{FAE04EC0-301F-11D3-BF4B-00C04F79EFBC}") = "Products.Api", "src\Products.Api\Products.Api.csproj", "{1BD7F068-40C8-482E-8FE7-9DDBB22C560E}"
EndProject
Project("{FAE04EC0-301F-11D3-BF4B-00C04F79EFBC}") = "Domain", "src\Domain\Domain.csproj", "{1762620B-E96E-46AE-8F02-70E09B23FF31}"
EndProject
Project("{FAE04EC0-301F-11D3-BF4B-00C04F79EFBC}") = "Infrastructure.SqlServer", "src\Infrastructure.SqlServer\Infrastructure.SqlServer.csproj", "{13D8D101-189F-4FAC-AAE7-102A291962F2}"
EndProject
Project("{2150E333-8FDC-42A3-9474-1A3956D46DE8}") = "src", "src", "{F0B7F37B-0B85-453D-B26C-A7F261DD5082}"
EndProject
Project("{2150E333-8FDC-42A3-9474-1A3956D46DE8}") = "test", "test", "{6C6B3635-255A-4D8F-9713-BEB281E34E43}"
EndProject
Project("{FAE04EC0-301F-11D3-BF4B-00C04F79EFBC}") = "Domain.Test", "test\Domain.Test\Domain.Test.csproj", "{69222CBA-811A-44AA-92F2-FFB10CE3CB65}"
EndProject
Project("{FAE04EC0-301F-11D3-BF4B-00C04F79EFBC}") = "Products.Api.Test", "test\Products.Api.Test\Products.Api.Test.csproj", "{47689EB0-62F1-414E-8A7B-F10260292881}"
EndProject
Global
	GlobalSection(SolutionConfigurationPlatforms) = preSolution
		Debug|Any CPU = Debug|Any CPU
		Release|Any CPU = Release|Any CPU
	EndGlobalSection
	GlobalSection(ProjectConfigurationPlatforms) = postSolution
		{1BD7F068-40C8-482E-8FE7-9DDBB22C560E}.Debug|Any CPU.ActiveCfg = Debug|Any CPU
		{1BD7F068-40C8-482E-8FE7-9DDBB22C560E}.Debug|Any CPU.Build.0 = Debug|Any CPU
		{1BD7F068-40C8-482E-8FE7-9DDBB22C560E}.Release|Any CPU.ActiveCfg = Release|Any CPU
		{1BD7F068-40C8-482E-8FE7-9DDBB22C560E}.Release|Any CPU.Build.0 = Release|Any CPU
		{1762620B-E96E-46AE-8F02-70E09B23FF31}.Debug|Any CPU.ActiveCfg = Debug|Any CPU
		{1762620B-E96E-46AE-8F02-70E09B23FF31}.Debug|Any CPU.Build.0 = Debug|Any CPU
		{1762620B-E96E-46AE-8F02-70E09B23FF31}.Release|Any CPU.ActiveCfg = Release|Any CPU
		{1762620B-E96E-46AE-8F02-70E09B23FF31}.Release|Any CPU.Build.0 = Release|Any CPU
		{13D8D101-189F-4FAC-AAE7-102A291962F2}.Debug|Any CPU.ActiveCfg = Debug|Any CPU
		{13D8D101-189F-4FAC-AAE7-102A291962F2}.Debug|Any CPU.Build.0 = Debug|Any CPU
		{13D8D101-189F-4FAC-AAE7-102A291962F2}.Release|Any CPU.ActiveCfg = Release|Any CPU
		{13D8D101-189F-4FAC-AAE7-102A291962F2}.Release|Any CPU.Build.0 = Release|Any CPU
		{69222CBA-811A-44AA-92F2-FFB10CE3CB65}.Debug|Any CPU.ActiveCfg = Debug|Any CPU
		{69222CBA-811A-44AA-92F2-FFB10CE3CB65}.Debug|Any CPU.Build.0 = Debug|Any CPU
		{69222CBA-811A-44AA-92F2-FFB10CE3CB65}.Release|Any CPU.ActiveCfg = Release|Any CPU
		{69222CBA-811A-44AA-92F2-FFB10CE3CB65}.Release|Any CPU.Build.0 = Release|Any CPU
		{47689EB0-62F1-414E-8A7B-F10260292881}.Debug|Any CPU.ActiveCfg = Debug|Any CPU
		{47689EB0-62F1-414E-8A7B-F10260292881}.Debug|Any CPU.Build.0 = Debug|Any CPU
		{47689EB0-62F1-414E-8A7B-F10260292881}.Release|Any CPU.ActiveCfg = Release|Any CPU
		{47689EB0-62F1-414E-8A7B-F10260292881}.Release|Any CPU.Build.0 = Release|Any CPU
	EndGlobalSection
	GlobalSection(SolutionProperties) = preSolution
		HideSolutionNode = FALSE
	EndGlobalSection
	GlobalSection(NestedProjects) = preSolution
		{1BD7F068-40C8-482E-8FE7-9DDBB22C560E} = {F0B7F37B-0B85-453D-B26C-A7F261DD5082}
		{1762620B-E96E-46AE-8F02-70E09B23FF31} = {F0B7F37B-0B85-453D-B26C-A7F261DD5082}
		{13D8D101-189F-4FAC-AAE7-102A291962F2} = {F0B7F37B-0B85-453D-B26C-A7F261DD5082}
		{69222CBA-811A-44AA-92F2-FFB10CE3CB65} = {6C6B3635-255A-4D8F-9713-BEB281E34E43}
		{47689EB0-62F1-414E-8A7B-F10260292881} = {6C6B3635-255A-4D8F-9713-BEB281E34E43}
	EndGlobalSection
EndGlobal
